
Microsoft Visual Studio Solution File, Format Version 12.00
# Visual Studio Version 16
VisualStudioVersion = 16.0.30011.22
MinimumVisualStudioVersion = 10.0.40219.1
Project("{FAE04EC0-301F-11D3-BF4B-00C04F79EFBC}") = "librarysystemMODER", "librarysystemMODER\librarysystemMODER.csproj", "{5B4A36C3-EBF1-46DF-B284-B56970894301}"
EndProject
Project("{FAE04EC0-301F-11D3-BF4B-00C04F79EFBC}") = "librarysystem_MODER", "librarysystem_MODER\librarysystem_MODER.csproj", "{85FF4551-7525-4325-BAC2-4250F76EB326}"
EndProject
Project("{FAE04EC0-301F-11D3-BF4B-00C04F79EFBC}") = "librarysystem_DAL", "librarysystem_DAL\librarysystem_DAL.csproj", "{65E2AEFD-1ABF-4277-8977-2545A624AF70}"
EndProject
Project("{FAE04EC0-301F-11D3-BF4B-00C04F79EFBC}") = "librarysystem_BLL", "librarysystem_BLL\librarysystem_BLL.csproj", "{A25C75FC-ABF4-49FD-A0FA-FB47A70272B1}"
EndProject
Project("{FAE04EC0-301F-11D3-BF4B-00C04F79EFBC}") = "librarysystem_UI", "librarysystem_UI\librarysystem_UI.csproj", "{B80E31CA-FA1B-4746-B114-A7A6F1C55B4E}"
EndProject
Global
	GlobalSection(SolutionConfigurationPlatforms) = preSolution
		Debug|Any CPU = Debug|Any CPU
		Release|Any CPU = Release|Any CPU
	EndGlobalSection
	GlobalSection(ProjectConfigurationPlatforms) = postSolution
		{5B4A36C3-EBF1-46DF-B284-B56970894301}.Debug|Any CPU.ActiveCfg = Debug|Any CPU
		{5B4A36C3-EBF1-46DF-B284-B56970894301}.Debug|Any CPU.Build.0 = Debug|Any CPU
		{5B4A36C3-EBF1-46DF-B284-B56970894301}.Release|Any CPU.ActiveCfg = Release|Any CPU
		{5B4A36C3-EBF1-46DF-B284-B56970894301}.Release|Any CPU.Build.0 = Release|Any CPU
		{85FF4551-7525-4325-BAC2-4250F76EB326}.Debug|Any CPU.ActiveCfg = Debug|Any CPU
		{85FF4551-7525-4325-BAC2-4250F76EB326}.Debug|Any CPU.Build.0 = Debug|Any CPU
		{85FF4551-7525-4325-BAC2-4250F76EB326}.Release|Any CPU.ActiveCfg = Release|Any CPU
		{85FF4551-7525-4325-BAC2-4250F76EB326}.Release|Any CPU.Build.0 = Release|Any CPU
		{65E2AEFD-1ABF-4277-8977-2545A624AF70}.Debug|Any CPU.ActiveCfg = Debug|Any CPU
		{65E2AEFD-1ABF-4277-8977-2545A624AF70}.Debug|Any CPU.Build.0 = Debug|Any CPU
		{65E2AEFD-1ABF-4277-8977-2545A624AF70}.Release|Any CPU.ActiveCfg = Release|Any CPU
		{65E2AEFD-1ABF-4277-8977-2545A624AF70}.Release|Any CPU.Build.0 = Release|Any CPU
		{A25C75FC-ABF4-49FD-A0FA-FB47A70272B1}.Debug|Any CPU.ActiveCfg = Debug|Any CPU
		{A25C75FC-ABF4-49FD-A0FA-FB47A70272B1}.Debug|Any CPU.Build.0 = Debug|Any CPU
		{A25C75FC-ABF4-49FD-A0FA-FB47A70272B1}.Release|Any CPU.ActiveCfg = Release|Any CPU
		{A25C75FC-ABF4-49FD-A0FA-FB47A70272B1}.Release|Any CPU.Build.0 = Release|Any CPU
		{B80E31CA-FA1B-4746-B114-A7A6F1C55B4E}.Debug|Any CPU.ActiveCfg = Debug|Any CPU
		{B80E31CA-FA1B-4746-B114-A7A6F1C55B4E}.Debug|Any CPU.Build.0 = Debug|Any CPU
		{B80E31CA-FA1B-4746-B114-A7A6F1C55B4E}.Release|Any CPU.ActiveCfg = Release|Any CPU
		{B80E31CA-FA1B-4746-B114-A7A6F1C55B4E}.Release|Any CPU.Build.0 = Release|Any CPU
	EndGlobalSection
	GlobalSection(SolutionProperties) = preSolution
		HideSolutionNode = FALSE
	EndGlobalSection
	GlobalSection(ExtensibilityGlobals) = postSolution
		SolutionGuid = {1C08CF35-5EDD-45D1-99A5-E3792E990273}
	EndGlobalSection
EndGlobal
